
Microsoft Visual Studio Solution File, Format Version 12.00
Project("{2150E333-8FDC-42A3-9474-1A3956D46DE8}") = "Session1", "Session1", "{AF6032DC-33D8-41D5-A39B-26509A8E2F9D}"
EndProject
Project("{FAE04EC0-301F-11D3-BF4B-00C04F79EFBC}") = "S1_Debug", "S1_Debug\S1_Debug.csproj", "{30C28E7A-C90D-4967-8670-BA2D40547EC5}"
EndProject
Project("{FAE04EC0-301F-11D3-BF4B-00C04F79EFBC}") = "S1_Ex3", "S1_Ex3\S1_Ex3.csproj", "{0B2F9343-CAC6-4221-B459-319C7F15DFBF}"
EndProject
Project("{FAE04EC0-301F-11D3-BF4B-00C04F79EFBC}") = "S1_Ex1", "S1_Ex1\S1_Ex1.csproj", "{212377B8-7C91-4CF1-B3D8-ECD00CB7DB03}"
EndProject
Project("{FAE04EC0-301F-11D3-BF4B-00C04F79EFBC}") = "S1_Ex4", "S1_Ex4\S1_Ex4.csproj", "{6F9248DC-39A7-41E0-AD5C-78B6C8B98A6E}"
EndProject
Global
	GlobalSection(SolutionConfigurationPlatforms) = preSolution
		Debug|Any CPU = Debug|Any CPU
		Release|Any CPU = Release|Any CPU
	EndGlobalSection
	GlobalSection(NestedProjects) = preSolution
		{30C28E7A-C90D-4967-8670-BA2D40547EC5} = {AF6032DC-33D8-41D5-A39B-26509A8E2F9D}
		{0B2F9343-CAC6-4221-B459-319C7F15DFBF} = {AF6032DC-33D8-41D5-A39B-26509A8E2F9D}
		{212377B8-7C91-4CF1-B3D8-ECD00CB7DB03} = {AF6032DC-33D8-41D5-A39B-26509A8E2F9D}
		{6F9248DC-39A7-41E0-AD5C-78B6C8B98A6E} = {AF6032DC-33D8-41D5-A39B-26509A8E2F9D}
	EndGlobalSection
	GlobalSection(ProjectConfigurationPlatforms) = postSolution
		{30C28E7A-C90D-4967-8670-BA2D40547EC5}.Debug|Any CPU.ActiveCfg = Debug|Any CPU
		{30C28E7A-C90D-4967-8670-BA2D40547EC5}.Debug|Any CPU.Build.0 = Debug|Any CPU
		{30C28E7A-C90D-4967-8670-BA2D40547EC5}.Release|Any CPU.ActiveCfg = Release|Any CPU
		{30C28E7A-C90D-4967-8670-BA2D40547EC5}.Release|Any CPU.Build.0 = Release|Any CPU
		{0B2F9343-CAC6-4221-B459-319C7F15DFBF}.Debug|Any CPU.ActiveCfg = Debug|Any CPU
		{0B2F9343-CAC6-4221-B459-319C7F15DFBF}.Debug|Any CPU.Build.0 = Debug|Any CPU
		{0B2F9343-CAC6-4221-B459-319C7F15DFBF}.Release|Any CPU.ActiveCfg = Release|Any CPU
		{0B2F9343-CAC6-4221-B459-319C7F15DFBF}.Release|Any CPU.Build.0 = Release|Any CPU
		{212377B8-7C91-4CF1-B3D8-ECD00CB7DB03}.Debug|Any CPU.ActiveCfg = Debug|Any CPU
		{212377B8-7C91-4CF1-B3D8-ECD00CB7DB03}.Debug|Any CPU.Build.0 = Debug|Any CPU
		{212377B8-7C91-4CF1-B3D8-ECD00CB7DB03}.Release|Any CPU.ActiveCfg = Release|Any CPU
		{212377B8-7C91-4CF1-B3D8-ECD00CB7DB03}.Release|Any CPU.Build.0 = Release|Any CPU
		{6F9248DC-39A7-41E0-AD5C-78B6C8B98A6E}.Debug|Any CPU.ActiveCfg = Debug|Any CPU
		{6F9248DC-39A7-41E0-AD5C-78B6C8B98A6E}.Debug|Any CPU.Build.0 = Debug|Any CPU
		{6F9248DC-39A7-41E0-AD5C-78B6C8B98A6E}.Release|Any CPU.ActiveCfg = Release|Any CPU
		{6F9248DC-39A7-41E0-AD5C-78B6C8B98A6E}.Release|Any CPU.Build.0 = Release|Any CPU
	EndGlobalSection
EndGlobal
