
Microsoft Visual Studio Solution File, Format Version 12.00
Project("{2150E333-8FDC-42A3-9474-1A3956D46DE8}") = "Session1", "Session1", "{AF6032DC-33D8-41D5-A39B-26509A8E2F9D}"
EndProject
Project("{FAE04EC0-301F-11D3-BF4B-00C04F79EFBC}") = "S1_Debug", "S1_Debug\S1_Debug.csproj", "{30C28E7A-C90D-4967-8670-BA2D40547EC5}"
EndProject
Project("{FAE04EC0-301F-11D3-BF4B-00C04F79EFBC}") = "S1_Ex3", "S1_Ex3\S1_Ex3.csproj", "{0B2F9343-CAC6-4221-B459-319C7F15DFBF}"
EndProject
Project("{FAE04EC0-301F-11D3-BF4B-00C04F79EFBC}") = "S1_Ex1", "S1_Ex1\S1_Ex1.csproj", "{212377B8-7C91-4CF1-B3D8-ECD00CB7DB03}"
EndProject
Project("{FAE04EC0-301F-11D3-BF4B-00C04F79EFBC}") = "S1_Ex4", "S1_Ex4\S1_Ex4.csproj", "{6F9248DC-39A7-41E0-AD5C-78B6C8B98A6E}"
EndProject
Project("{FAE04EC0-301F-11D3-BF4B-00C04F79EFBC}") = "S1_Ex5", "S1_Ex5\S1_Ex5.csproj", "{1A141B0E-2716-473C-B54D-7FBF75B058AC}"
EndProject
Project("{FAE04EC0-301F-11D3-BF4B-00C04F79EFBC}") = "S1_Ex7", "S1_Ex7\S1_Ex7.csproj", "{D4F9128E-8F1B-4F91-ADD3-AA220807BCC7}"
EndProject
Project("{FAE04EC0-301F-11D3-BF4B-00C04F79EFBC}") = "S1_Ex8", "S1_Ex8\S1_Ex8.csproj", "{FF3EA4DC-4F4D-4DC0-9827-79B6C6A587A4}"
EndProject
Project("{FAE04EC0-301F-11D3-BF4B-00C04F79EFBC}") = "S1_Ex9", "S1_Ex9\S1_Ex9.csproj", "{61E547F0-2A89-43C2-A66A-1604B50C3C20}"
EndProject
Project("{FAE04EC0-301F-11D3-BF4B-00C04F79EFBC}") = "S1_Ex10", "S1_Ex10\S1_Ex10.csproj", "{BDD99FF3-8933-4BC5-B052-A92B30199A7F}"
EndProject
Project("{FAE04EC0-301F-11D3-BF4B-00C04F79EFBC}") = "S1_Ex11", "S1_Ex11\S1_Ex11.csproj", "{26674BC8-4C4A-4313-8C7E-E247BC682C7F}"
EndProject
Project("{2150E333-8FDC-42A3-9474-1A3956D46DE8}") = "Session2", "Session2", "{F91C5DC9-242C-4552-A944-0D250C393A96}"
EndProject
Project("{FAE04EC0-301F-11D3-BF4B-00C04F79EFBC}") = "S2_Ex1", "S2_Ex1\S2_Ex1.csproj", "{3876770C-D668-4D3A-8F9C-054E8858F83A}"
EndProject
Project("{FAE04EC0-301F-11D3-BF4B-00C04F79EFBC}") = "S2_Ex4", "S2_Ex4\S2_Ex4.csproj", "{493CD323-7391-4CC6-B676-DF3292D16DA3}"
EndProject
Project("{FAE04EC0-301F-11D3-BF4B-00C04F79EFBC}") = "S2_Ex5", "S2_Ex5\S2_Ex5.csproj", "{8EDDC417-093E-459C-A4ED-A017A81B8AE5}"
EndProject
Project("{FAE04EC0-301F-11D3-BF4B-00C04F79EFBC}") = "S2_Ex6", "S2_Ex6\S2_Ex6.csproj", "{214C0DE5-7161-4901-A010-CEED6675DF89}"
EndProject
Global
	GlobalSection(SolutionConfigurationPlatforms) = preSolution
		Debug|Any CPU = Debug|Any CPU
		Release|Any CPU = Release|Any CPU
	EndGlobalSection
	GlobalSection(NestedProjects) = preSolution
		{30C28E7A-C90D-4967-8670-BA2D40547EC5} = {AF6032DC-33D8-41D5-A39B-26509A8E2F9D}
		{0B2F9343-CAC6-4221-B459-319C7F15DFBF} = {AF6032DC-33D8-41D5-A39B-26509A8E2F9D}
		{212377B8-7C91-4CF1-B3D8-ECD00CB7DB03} = {AF6032DC-33D8-41D5-A39B-26509A8E2F9D}
		{6F9248DC-39A7-41E0-AD5C-78B6C8B98A6E} = {AF6032DC-33D8-41D5-A39B-26509A8E2F9D}
		{1A141B0E-2716-473C-B54D-7FBF75B058AC} = {AF6032DC-33D8-41D5-A39B-26509A8E2F9D}
		{D4F9128E-8F1B-4F91-ADD3-AA220807BCC7} = {AF6032DC-33D8-41D5-A39B-26509A8E2F9D}
		{FF3EA4DC-4F4D-4DC0-9827-79B6C6A587A4} = {AF6032DC-33D8-41D5-A39B-26509A8E2F9D}
		{61E547F0-2A89-43C2-A66A-1604B50C3C20} = {AF6032DC-33D8-41D5-A39B-26509A8E2F9D}
		{BDD99FF3-8933-4BC5-B052-A92B30199A7F} = {AF6032DC-33D8-41D5-A39B-26509A8E2F9D}
		{26674BC8-4C4A-4313-8C7E-E247BC682C7F} = {AF6032DC-33D8-41D5-A39B-26509A8E2F9D}
		{3876770C-D668-4D3A-8F9C-054E8858F83A} = {F91C5DC9-242C-4552-A944-0D250C393A96}
		{493CD323-7391-4CC6-B676-DF3292D16DA3} = {F91C5DC9-242C-4552-A944-0D250C393A96}
		{8EDDC417-093E-459C-A4ED-A017A81B8AE5} = {F91C5DC9-242C-4552-A944-0D250C393A96}
		{214C0DE5-7161-4901-A010-CEED6675DF89} = {F91C5DC9-242C-4552-A944-0D250C393A96}
	EndGlobalSection
	GlobalSection(ProjectConfigurationPlatforms) = postSolution
		{30C28E7A-C90D-4967-8670-BA2D40547EC5}.Debug|Any CPU.ActiveCfg = Debug|Any CPU
		{30C28E7A-C90D-4967-8670-BA2D40547EC5}.Debug|Any CPU.Build.0 = Debug|Any CPU
		{30C28E7A-C90D-4967-8670-BA2D40547EC5}.Release|Any CPU.ActiveCfg = Release|Any CPU
		{30C28E7A-C90D-4967-8670-BA2D40547EC5}.Release|Any CPU.Build.0 = Release|Any CPU
		{0B2F9343-CAC6-4221-B459-319C7F15DFBF}.Debug|Any CPU.ActiveCfg = Debug|Any CPU
		{0B2F9343-CAC6-4221-B459-319C7F15DFBF}.Debug|Any CPU.Build.0 = Debug|Any CPU
		{0B2F9343-CAC6-4221-B459-319C7F15DFBF}.Release|Any CPU.ActiveCfg = Release|Any CPU
		{0B2F9343-CAC6-4221-B459-319C7F15DFBF}.Release|Any CPU.Build.0 = Release|Any CPU
		{212377B8-7C91-4CF1-B3D8-ECD00CB7DB03}.Debug|Any CPU.ActiveCfg = Debug|Any CPU
		{212377B8-7C91-4CF1-B3D8-ECD00CB7DB03}.Debug|Any CPU.Build.0 = Debug|Any CPU
		{212377B8-7C91-4CF1-B3D8-ECD00CB7DB03}.Release|Any CPU.ActiveCfg = Release|Any CPU
		{212377B8-7C91-4CF1-B3D8-ECD00CB7DB03}.Release|Any CPU.Build.0 = Release|Any CPU
		{6F9248DC-39A7-41E0-AD5C-78B6C8B98A6E}.Debug|Any CPU.ActiveCfg = Debug|Any CPU
		{6F9248DC-39A7-41E0-AD5C-78B6C8B98A6E}.Debug|Any CPU.Build.0 = Debug|Any CPU
		{6F9248DC-39A7-41E0-AD5C-78B6C8B98A6E}.Release|Any CPU.ActiveCfg = Release|Any CPU
		{6F9248DC-39A7-41E0-AD5C-78B6C8B98A6E}.Release|Any CPU.Build.0 = Release|Any CPU
		{1A141B0E-2716-473C-B54D-7FBF75B058AC}.Debug|Any CPU.ActiveCfg = Debug|Any CPU
		{1A141B0E-2716-473C-B54D-7FBF75B058AC}.Debug|Any CPU.Build.0 = Debug|Any CPU
		{1A141B0E-2716-473C-B54D-7FBF75B058AC}.Release|Any CPU.ActiveCfg = Release|Any CPU
		{1A141B0E-2716-473C-B54D-7FBF75B058AC}.Release|Any CPU.Build.0 = Release|Any CPU
		{D4F9128E-8F1B-4F91-ADD3-AA220807BCC7}.Debug|Any CPU.ActiveCfg = Debug|Any CPU
		{D4F9128E-8F1B-4F91-ADD3-AA220807BCC7}.Debug|Any CPU.Build.0 = Debug|Any CPU
		{D4F9128E-8F1B-4F91-ADD3-AA220807BCC7}.Release|Any CPU.ActiveCfg = Release|Any CPU
		{D4F9128E-8F1B-4F91-ADD3-AA220807BCC7}.Release|Any CPU.Build.0 = Release|Any CPU
		{FF3EA4DC-4F4D-4DC0-9827-79B6C6A587A4}.Debug|Any CPU.ActiveCfg = Debug|Any CPU
		{FF3EA4DC-4F4D-4DC0-9827-79B6C6A587A4}.Debug|Any CPU.Build.0 = Debug|Any CPU
		{FF3EA4DC-4F4D-4DC0-9827-79B6C6A587A4}.Release|Any CPU.ActiveCfg = Release|Any CPU
		{FF3EA4DC-4F4D-4DC0-9827-79B6C6A587A4}.Release|Any CPU.Build.0 = Release|Any CPU
		{61E547F0-2A89-43C2-A66A-1604B50C3C20}.Debug|Any CPU.ActiveCfg = Debug|Any CPU
		{61E547F0-2A89-43C2-A66A-1604B50C3C20}.Debug|Any CPU.Build.0 = Debug|Any CPU
		{61E547F0-2A89-43C2-A66A-1604B50C3C20}.Release|Any CPU.ActiveCfg = Release|Any CPU
		{61E547F0-2A89-43C2-A66A-1604B50C3C20}.Release|Any CPU.Build.0 = Release|Any CPU
		{BDD99FF3-8933-4BC5-B052-A92B30199A7F}.Debug|Any CPU.ActiveCfg = Debug|Any CPU
		{BDD99FF3-8933-4BC5-B052-A92B30199A7F}.Debug|Any CPU.Build.0 = Debug|Any CPU
		{BDD99FF3-8933-4BC5-B052-A92B30199A7F}.Release|Any CPU.ActiveCfg = Release|Any CPU
		{BDD99FF3-8933-4BC5-B052-A92B30199A7F}.Release|Any CPU.Build.0 = Release|Any CPU
		{26674BC8-4C4A-4313-8C7E-E247BC682C7F}.Debug|Any CPU.ActiveCfg = Debug|Any CPU
		{26674BC8-4C4A-4313-8C7E-E247BC682C7F}.Debug|Any CPU.Build.0 = Debug|Any CPU
		{26674BC8-4C4A-4313-8C7E-E247BC682C7F}.Release|Any CPU.ActiveCfg = Release|Any CPU
		{26674BC8-4C4A-4313-8C7E-E247BC682C7F}.Release|Any CPU.Build.0 = Release|Any CPU
		{3876770C-D668-4D3A-8F9C-054E8858F83A}.Debug|Any CPU.ActiveCfg = Debug|Any CPU
		{3876770C-D668-4D3A-8F9C-054E8858F83A}.Debug|Any CPU.Build.0 = Debug|Any CPU
		{3876770C-D668-4D3A-8F9C-054E8858F83A}.Release|Any CPU.ActiveCfg = Release|Any CPU
		{3876770C-D668-4D3A-8F9C-054E8858F83A}.Release|Any CPU.Build.0 = Release|Any CPU
		{493CD323-7391-4CC6-B676-DF3292D16DA3}.Debug|Any CPU.ActiveCfg = Debug|Any CPU
		{493CD323-7391-4CC6-B676-DF3292D16DA3}.Debug|Any CPU.Build.0 = Debug|Any CPU
		{493CD323-7391-4CC6-B676-DF3292D16DA3}.Release|Any CPU.ActiveCfg = Release|Any CPU
		{493CD323-7391-4CC6-B676-DF3292D16DA3}.Release|Any CPU.Build.0 = Release|Any CPU
		{8EDDC417-093E-459C-A4ED-A017A81B8AE5}.Debug|Any CPU.ActiveCfg = Debug|Any CPU
		{8EDDC417-093E-459C-A4ED-A017A81B8AE5}.Debug|Any CPU.Build.0 = Debug|Any CPU
		{8EDDC417-093E-459C-A4ED-A017A81B8AE5}.Release|Any CPU.ActiveCfg = Release|Any CPU
		{8EDDC417-093E-459C-A4ED-A017A81B8AE5}.Release|Any CPU.Build.0 = Release|Any CPU
		{214C0DE5-7161-4901-A010-CEED6675DF89}.Debug|Any CPU.ActiveCfg = Debug|Any CPU
		{214C0DE5-7161-4901-A010-CEED6675DF89}.Debug|Any CPU.Build.0 = Debug|Any CPU
		{214C0DE5-7161-4901-A010-CEED6675DF89}.Release|Any CPU.ActiveCfg = Release|Any CPU
		{214C0DE5-7161-4901-A010-CEED6675DF89}.Release|Any CPU.Build.0 = Release|Any CPU
	EndGlobalSection
EndGlobal
